// !$*UTF8*$!
{
	archiveVersion = 1;
	classes = {
	};
	objectVersion = 50;
	objects = {

/* Begin PBXBuildFile section */
		3E4DD6CF49117D93795A9D37 /* Pods_LocalizationAutomated.framework in Frameworks */ = {isa = PBXBuildFile; fileRef = 1D43F39D5DCDA7CDC0E9CD49 /* Pods_LocalizationAutomated.framework */; };
		EC6D010822387FA30040BBFD /* InfoPlist.strings in Resources */ = {isa = PBXBuildFile; fileRef = EC6D010A22387FA30040BBFD /* InfoPlist.strings */; };
		ECA2AB39223BFCA300F53525 /* BundleExtension.swift in Sources */ = {isa = PBXBuildFile; fileRef = ECA2AB38223BFCA300F53525 /* BundleExtension.swift */; };
		ECA2AB3B223C083300F53525 /* LanguageManager.swift in Sources */ = {isa = PBXBuildFile; fileRef = ECA2AB3A223C083300F53525 /* LanguageManager.swift */; };
		ECA2AB3D223C337E00F53525 /* Application.swift in Sources */ = {isa = PBXBuildFile; fileRef = ECA2AB3C223C337E00F53525 /* Application.swift */; };
		ECA2AB3F223C33A900F53525 /* main.swift in Sources */ = {isa = PBXBuildFile; fileRef = ECA2AB3E223C33A900F53525 /* main.swift */; };
		ECA2AB4B223C467A00F53525 /* Localizable.stringsdict in Resources */ = {isa = PBXBuildFile; fileRef = ECA2AB4A223C467A00F53525 /* Localizable.stringsdict */; };
		ECAC55F3223877A3000F5D6C /* Localizable.strings in Resources */ = {isa = PBXBuildFile; fileRef = ECAC55F5223877A3000F5D6C /* Localizable.strings */; };
		ECCEB03E22387654003F428B /* AppDelegate.swift in Sources */ = {isa = PBXBuildFile; fileRef = ECCEB03D22387654003F428B /* AppDelegate.swift */; };
		ECCEB04022387654003F428B /* ViewController.swift in Sources */ = {isa = PBXBuildFile; fileRef = ECCEB03F22387654003F428B /* ViewController.swift */; };
		ECCEB04322387654003F428B /* Main.storyboard in Resources */ = {isa = PBXBuildFile; fileRef = ECCEB04122387654003F428B /* Main.storyboard */; };
		ECCEB04522387654003F428B /* Assets.xcassets in Resources */ = {isa = PBXBuildFile; fileRef = ECCEB04422387654003F428B /* Assets.xcassets */; };
		ECCEB04822387654003F428B /* LaunchScreen.storyboard in Resources */ = {isa = PBXBuildFile; fileRef = ECCEB04622387654003F428B /* LaunchScreen.storyboard */; };
		ECF8C4902238791000E4B5EA /* BartyCrouch.swift in Sources */ = {isa = PBXBuildFile; fileRef = ECF8C48F2238791000E4B5EA /* BartyCrouch.swift */; };
		ECF8C4922238799E00E4B5EA /* Strings.swift in Sources */ = {isa = PBXBuildFile; fileRef = ECF8C4912238799E00E4B5EA /* Strings.swift */; };
/* End PBXBuildFile section */

/* Begin PBXFileReference section */
		1810139FA62C70B28579FFB2 /* Pods-LocalizationAutomated.release.xcconfig */ = {isa = PBXFileReference; includeInIndex = 1; lastKnownFileType = text.xcconfig; name = "Pods-LocalizationAutomated.release.xcconfig"; path = "Pods/Target Support Files/Pods-LocalizationAutomated/Pods-LocalizationAutomated.release.xcconfig"; sourceTree = "<group>"; };
		1D43F39D5DCDA7CDC0E9CD49 /* Pods_LocalizationAutomated.framework */ = {isa = PBXFileReference; explicitFileType = wrapper.framework; includeInIndex = 0; path = Pods_LocalizationAutomated.framework; sourceTree = BUILT_PRODUCTS_DIR; };
		A448F691C5D7642550EC92DB /* Pods-LocalizationAutomated.debug.xcconfig */ = {isa = PBXFileReference; includeInIndex = 1; lastKnownFileType = text.xcconfig; name = "Pods-LocalizationAutomated.debug.xcconfig"; path = "Pods/Target Support Files/Pods-LocalizationAutomated/Pods-LocalizationAutomated.debug.xcconfig"; sourceTree = "<group>"; };
		EC6D010922387FA30040BBFD /* en */ = {isa = PBXFileReference; lastKnownFileType = text.plist.strings; name = en; path = en.lproj/InfoPlist.strings; sourceTree = "<group>"; };
		EC6D010B22387FAD0040BBFD /* ar */ = {isa = PBXFileReference; lastKnownFileType = text.plist.strings; name = ar; path = ar.lproj/InfoPlist.strings; sourceTree = "<group>"; };
		ECA2AB38223BFCA300F53525 /* BundleExtension.swift */ = {isa = PBXFileReference; lastKnownFileType = sourcecode.swift; path = BundleExtension.swift; sourceTree = "<group>"; };
		ECA2AB3A223C083300F53525 /* LanguageManager.swift */ = {isa = PBXFileReference; lastKnownFileType = sourcecode.swift; path = LanguageManager.swift; sourceTree = "<group>"; };
		ECA2AB3C223C337E00F53525 /* Application.swift */ = {isa = PBXFileReference; lastKnownFileType = sourcecode.swift; path = Application.swift; sourceTree = "<group>"; };
		ECA2AB3E223C33A900F53525 /* main.swift */ = {isa = PBXFileReference; lastKnownFileType = sourcecode.swift; path = main.swift; sourceTree = "<group>"; };
		ECA2AB4A223C467A00F53525 /* Localizable.stringsdict */ = {isa = PBXFileReference; lastKnownFileType = text.plist.stringsdict; path = Localizable.stringsdict; sourceTree = "<group>"; };
		ECAC55EF22387788000F5D6C /* ar */ = {isa = PBXFileReference; lastKnownFileType = text.plist.strings; name = ar; path = ar.lproj/Main.strings; sourceTree = "<group>"; };
		ECAC55F022387788000F5D6C /* ar */ = {isa = PBXFileReference; lastKnownFileType = text.plist.strings; name = ar; path = ar.lproj/LaunchScreen.strings; sourceTree = "<group>"; };
		ECAC55F4223877A3000F5D6C /* en */ = {isa = PBXFileReference; lastKnownFileType = text.plist.strings; name = en; path = en.lproj/Localizable.strings; sourceTree = "<group>"; };
		ECAC55F6223877A4000F5D6C /* ar */ = {isa = PBXFileReference; lastKnownFileType = text.plist.strings; name = ar; path = ar.lproj/Localizable.strings; sourceTree = "<group>"; };
		ECCEB03A22387654003F428B /* LocalizationAutomated.app */ = {isa = PBXFileReference; explicitFileType = wrapper.application; includeInIndex = 0; path = LocalizationAutomated.app; sourceTree = BUILT_PRODUCTS_DIR; };
		ECCEB03D22387654003F428B /* AppDelegate.swift */ = {isa = PBXFileReference; lastKnownFileType = sourcecode.swift; path = AppDelegate.swift; sourceTree = "<group>"; };
		ECCEB03F22387654003F428B /* ViewController.swift */ = {isa = PBXFileReference; lastKnownFileType = sourcecode.swift; path = ViewController.swift; sourceTree = "<group>"; };
		ECCEB04222387654003F428B /* Base */ = {isa = PBXFileReference; lastKnownFileType = file.storyboard; name = Base; path = Base.lproj/Main.storyboard; sourceTree = "<group>"; };
		ECCEB04422387654003F428B /* Assets.xcassets */ = {isa = PBXFileReference; lastKnownFileType = folder.assetcatalog; path = Assets.xcassets; sourceTree = "<group>"; };
		ECCEB04722387654003F428B /* Base */ = {isa = PBXFileReference; lastKnownFileType = file.storyboard; name = Base; path = Base.lproj/LaunchScreen.storyboard; sourceTree = "<group>"; };
		ECCEB04922387654003F428B /* Info.plist */ = {isa = PBXFileReference; lastKnownFileType = text.plist.xml; path = Info.plist; sourceTree = "<group>"; };
		ECF8C48F2238791000E4B5EA /* BartyCrouch.swift */ = {isa = PBXFileReference; lastKnownFileType = sourcecode.swift; path = BartyCrouch.swift; sourceTree = "<group>"; };
		ECF8C4912238799E00E4B5EA /* Strings.swift */ = {isa = PBXFileReference; fileEncoding = 4; lastKnownFileType = sourcecode.swift; path = Strings.swift; sourceTree = "<group>"; };
/* End PBXFileReference section */

/* Begin PBXFrameworksBuildPhase section */
		ECCEB03722387654003F428B /* Frameworks */ = {
			isa = PBXFrameworksBuildPhase;
			buildActionMask = 2147483647;
			files = (
				3E4DD6CF49117D93795A9D37 /* Pods_LocalizationAutomated.framework in Frameworks */,
			);
			runOnlyForDeploymentPostprocessing = 0;
		};
/* End PBXFrameworksBuildPhase section */

/* Begin PBXGroup section */
		ECA2AB37223BFC8F00F53525 /* Localization */ = {
			isa = PBXGroup;
			children = (
				ECA2AB38223BFCA300F53525 /* BundleExtension.swift */,
				ECA2AB3A223C083300F53525 /* LanguageManager.swift */,
				ECA2AB3C223C337E00F53525 /* Application.swift */,
				ECA2AB3E223C33A900F53525 /* main.swift */,
			);
			path = Localization;
			sourceTree = "<group>";
		};
		ECCEB03122387654003F428B = {
			isa = PBXGroup;
			children = (
				ECCEB03C22387654003F428B /* LocalizationAutomated */,
				ECCEB03B22387654003F428B /* Products */,
				ECCEB04F223876A1003F428B /* Frameworks */,
				F8D2FBCED537A6C25A063FEB /* Pods */,
			);
			sourceTree = "<group>";
		};
		ECCEB03B22387654003F428B /* Products */ = {
			isa = PBXGroup;
			children = (
				ECCEB03A22387654003F428B /* LocalizationAutomated.app */,
			);
			name = Products;
			sourceTree = "<group>";
		};
		ECCEB03C22387654003F428B /* LocalizationAutomated */ = {
			isa = PBXGroup;
			children = (
				ECA2AB37223BFC8F00F53525 /* Localization */,
				ECCEB03D22387654003F428B /* AppDelegate.swift */,
				ECCEB03F22387654003F428B /* ViewController.swift */,
				ECCEB04122387654003F428B /* Main.storyboard */,
				ECCEB04422387654003F428B /* Assets.xcassets */,
				ECCEB04622387654003F428B /* LaunchScreen.storyboard */,
				ECCEB04922387654003F428B /* Info.plist */,
				ECAC55F5223877A3000F5D6C /* Localizable.strings */,
				ECF8C48F2238791000E4B5EA /* BartyCrouch.swift */,
				ECF8C4912238799E00E4B5EA /* Strings.swift */,
				EC6D010A22387FA30040BBFD /* InfoPlist.strings */,
				ECA2AB4A223C467A00F53525 /* Localizable.stringsdict */,
			);
			path = LocalizationAutomated;
			sourceTree = "<group>";
		};
		ECCEB04F223876A1003F428B /* Frameworks */ = {
			isa = PBXGroup;
			children = (
				1D43F39D5DCDA7CDC0E9CD49 /* Pods_LocalizationAutomated.framework */,
			);
			name = Frameworks;
			sourceTree = "<group>";
		};
		F8D2FBCED537A6C25A063FEB /* Pods */ = {
			isa = PBXGroup;
			children = (
				A448F691C5D7642550EC92DB /* Pods-LocalizationAutomated.debug.xcconfig */,
				1810139FA62C70B28579FFB2 /* Pods-LocalizationAutomated.release.xcconfig */,
			);
			name = Pods;
			sourceTree = "<group>";
		};
/* End PBXGroup section */

/* Begin PBXNativeTarget section */
		ECCEB03922387654003F428B /* LocalizationAutomated */ = {
			isa = PBXNativeTarget;
			buildConfigurationList = ECCEB04C22387654003F428B /* Build configuration list for PBXNativeTarget "LocalizationAutomated" */;
			buildPhases = (
				E99F6F386BD046688398EC5E /* [CP] Check Pods Manifest.lock */,
				ECAC55EE2238773A000F5D6C /* BartyCrouch Script */,
				ECF8C48E2238789100E4B5EA /* SwiftGen Script */,
				ECCEB03622387654003F428B /* Sources */,
				ECCEB03722387654003F428B /* Frameworks */,
				ECCEB03822387654003F428B /* Resources */,
			);
			buildRules = (
			);
			dependencies = (
			);
			name = LocalizationAutomated;
			productName = LocalizationAutomated;
			productReference = ECCEB03A22387654003F428B /* LocalizationAutomated.app */;
			productType = "com.apple.product-type.application";
		};
/* End PBXNativeTarget section */

/* Begin PBXProject section */
		ECCEB03222387654003F428B /* Project object */ = {
			isa = PBXProject;
			attributes = {
				LastSwiftUpdateCheck = 1010;
				LastUpgradeCheck = 1010;
				ORGANIZATIONNAME = "Ismail Ahmed";
				TargetAttributes = {
					ECCEB03922387654003F428B = {
						CreatedOnToolsVersion = 10.1;
						SystemCapabilities = {
							com.apple.WAC = {
								enabled = 0;
							};
						};
					};
				};
			};
			buildConfigurationList = ECCEB03522387654003F428B /* Build configuration list for PBXProject "LocalizationAutomated" */;
			compatibilityVersion = "Xcode 9.3";
			developmentRegion = en;
			hasScannedForEncodings = 0;
			knownRegions = (
				en,
				Base,
				ar,
			);
			mainGroup = ECCEB03122387654003F428B;
			productRefGroup = ECCEB03B22387654003F428B /* Products */;
			projectDirPath = "";
			projectRoot = "";
			targets = (
				ECCEB03922387654003F428B /* LocalizationAutomated */,
			);
		};
/* End PBXProject section */

/* Begin PBXResourcesBuildPhase section */
		ECCEB03822387654003F428B /* Resources */ = {
			isa = PBXResourcesBuildPhase;
			buildActionMask = 2147483647;
			files = (
				ECCEB04822387654003F428B /* LaunchScreen.storyboard in Resources */,
				ECAC55F3223877A3000F5D6C /* Localizable.strings in Resources */,
				ECCEB04522387654003F428B /* Assets.xcassets in Resources */,
				ECCEB04322387654003F428B /* Main.storyboard in Resources */,
				EC6D010822387FA30040BBFD /* InfoPlist.strings in Resources */,
				ECA2AB4B223C467A00F53525 /* Localizable.stringsdict in Resources */,
			);
			runOnlyForDeploymentPostprocessing = 0;
		};
/* End PBXResourcesBuildPhase section */

/* Begin PBXShellScriptBuildPhase section */
		E99F6F386BD046688398EC5E /* [CP] Check Pods Manifest.lock */ = {
			isa = PBXShellScriptBuildPhase;
			buildActionMask = 2147483647;
			files = (
			);
			inputPaths = (
				"${PODS_PODFILE_DIR_PATH}/Podfile.lock",
				"${PODS_ROOT}/Manifest.lock",
			);
			name = "[CP] Check Pods Manifest.lock";
			outputPaths = (
				"$(DERIVED_FILE_DIR)/Pods-LocalizationAutomated-checkManifestLockResult.txt",
			);
			runOnlyForDeploymentPostprocessing = 0;
			shellPath = /bin/sh;
			shellScript = "diff \"${PODS_PODFILE_DIR_PATH}/Podfile.lock\" \"${PODS_ROOT}/Manifest.lock\" > /dev/null\nif [ $? != 0 ] ; then\n    # print error to STDERR\n    echo \"error: The sandbox is not in sync with the Podfile.lock. Run 'pod install' or update your CocoaPods installation.\" >&2\n    exit 1\nfi\n# This output is used by Xcode 'outputs' to avoid re-running this script phase.\necho \"SUCCESS\" > \"${SCRIPT_OUTPUT_FILE_0}\"\n";
			showEnvVarsInLog = 0;
		};
		ECAC55EE2238773A000F5D6C /* BartyCrouch Script */ = {
			isa = PBXShellScriptBuildPhase;
			buildActionMask = 2147483647;
			files = (
			);
			inputPaths = (
			);
			name = "BartyCrouch Script";
			outputPaths = (
			);
			runOnlyForDeploymentPostprocessing = 0;
			shellPath = /bin/sh;
			shellScript = "if which bartycrouch > /dev/null; then\nbartycrouch update -x\nbartycrouch lint -x\nelse\necho \"warning: BartyCrouch not installed, download it from https://github.com/Flinesoft/BartyCrouch\"\nfi\n";
		};
		ECF8C48E2238789100E4B5EA /* SwiftGen Script */ = {
			isa = PBXShellScriptBuildPhase;
			buildActionMask = 2147483647;
			files = (
			);
			inputFileListPaths = (
			);
			inputPaths = (
			);
			name = "SwiftGen Script";
			outputFileListPaths = (
			);
			outputPaths = (
			);
			runOnlyForDeploymentPostprocessing = 0;
			shellPath = /bin/sh;
			shellScript = "if which $PODS_ROOT/SwiftGen/bin/swiftgen > /dev/null; then\n$PODS_ROOT/SwiftGen/bin/swiftgen\nelse\necho \"warning: SwiftGen not installed, download it from https://github.com/SwiftGen/SwiftGen\"\nfi\n";
		};
/* End PBXShellScriptBuildPhase section */

/* Begin PBXSourcesBuildPhase section */
		ECCEB03622387654003F428B /* Sources */ = {
			isa = PBXSourcesBuildPhase;
			buildActionMask = 2147483647;
			files = (
				ECCEB04022387654003F428B /* ViewController.swift in Sources */,
				ECA2AB3D223C337E00F53525 /* Application.swift in Sources */,
				ECA2AB3F223C33A900F53525 /* main.swift in Sources */,
				ECCEB03E22387654003F428B /* AppDelegate.swift in Sources */,
				ECF8C4922238799E00E4B5EA /* Strings.swift in Sources */,
				ECA2AB3B223C083300F53525 /* LanguageManager.swift in Sources */,
				ECF8C4902238791000E4B5EA /* BartyCrouch.swift in Sources */,
				ECA2AB39223BFCA300F53525 /* BundleExtension.swift in Sources */,
			);
			runOnlyForDeploymentPostprocessing = 0;
		};
/* End PBXSourcesBuildPhase section */

/* Begin PBXVariantGroup section */
		EC6D010A22387FA30040BBFD /* InfoPlist.strings */ = {
			isa = PBXVariantGroup;
			children = (
				EC6D010922387FA30040BBFD /* en */,
				EC6D010B22387FAD0040BBFD /* ar */,
			);
			name = InfoPlist.strings;
			sourceTree = "<group>";
		};
		ECAC55F5223877A3000F5D6C /* Localizable.strings */ = {
			isa = PBXVariantGroup;
			children = (
				ECAC55F4223877A3000F5D6C /* en */,
				ECAC55F6223877A4000F5D6C /* ar */,
			);
			name = Localizable.strings;
			sourceTree = "<group>";
		};
		ECCEB04122387654003F428B /* Main.storyboard */ = {
			isa = PBXVariantGroup;
			children = (
				ECCEB04222387654003F428B /* Base */,
				ECAC55EF22387788000F5D6C /* ar */,
			);
			name = Main.storyboard;
			sourceTree = "<group>";
		};
		ECCEB04622387654003F428B /* LaunchScreen.storyboard */ = {
			isa = PBXVariantGroup;
			children = (
				ECCEB04722387654003F428B /* Base */,
				ECAC55F022387788000F5D6C /* ar */,
			);
			name = LaunchScreen.storyboard;
			sourceTree = "<group>";
		};
/* End PBXVariantGroup section */

/* Begin XCBuildConfiguration section */
		ECCEB04A22387654003F428B /* Debug */ = {
			isa = XCBuildConfiguration;
			buildSettings = {
				ALWAYS_SEARCH_USER_PATHS = NO;
				CLANG_ANALYZER_LOCALIZABILITY_NONLOCALIZED = YES;
				CLANG_ANALYZER_NONNULL = YES;
				CLANG_ANALYZER_NUMBER_OBJECT_CONVERSION = YES_AGGRESSIVE;
				CLANG_CXX_LANGUAGE_STANDARD = "gnu++14";
				CLANG_CXX_LIBRARY = "libc++";
				CLANG_ENABLE_MODULES = YES;
				CLANG_ENABLE_OBJC_ARC = YES;
				CLANG_ENABLE_OBJC_WEAK = YES;
				CLANG_WARN_BLOCK_CAPTURE_AUTORELEASING = YES;
				CLANG_WARN_BOOL_CONVERSION = YES;
				CLANG_WARN_COMMA = YES;
				CLANG_WARN_CONSTANT_CONVERSION = YES;
				CLANG_WARN_DEPRECATED_OBJC_IMPLEMENTATIONS = YES;
				CLANG_WARN_DIRECT_OBJC_ISA_USAGE = YES_ERROR;
				CLANG_WARN_DOCUMENTATION_COMMENTS = YES;
				CLANG_WARN_EMPTY_BODY = YES;
				CLANG_WARN_ENUM_CONVERSION = YES;
				CLANG_WARN_INFINITE_RECURSION = YES;
				CLANG_WARN_INT_CONVERSION = YES;
				CLANG_WARN_NON_LITERAL_NULL_CONVERSION = YES;
				CLANG_WARN_OBJC_IMPLICIT_RETAIN_SELF = YES;
				CLANG_WARN_OBJC_LITERAL_CONVERSION = YES;
				CLANG_WARN_OBJC_ROOT_CLASS = YES_ERROR;
				CLANG_WARN_RANGE_LOOP_ANALYSIS = YES;
				CLANG_WARN_STRICT_PROTOTYPES = YES;
				CLANG_WARN_SUSPICIOUS_MOVE = YES;
				CLANG_WARN_UNGUARDED_AVAILABILITY = YES_AGGRESSIVE;
				CLANG_WARN_UNREACHABLE_CODE = YES;
				CLANG_WARN__DUPLICATE_METHOD_MATCH = YES;
				CODE_SIGN_IDENTITY = "iPhone Developer";
				COPY_PHASE_STRIP = NO;
				DEBUG_INFORMATION_FORMAT = dwarf;
				ENABLE_STRICT_OBJC_MSGSEND = YES;
				ENABLE_TESTABILITY = YES;
				GCC_C_LANGUAGE_STANDARD = gnu11;
				GCC_DYNAMIC_NO_PIC = NO;
				GCC_NO_COMMON_BLOCKS = YES;
				GCC_OPTIMIZATION_LEVEL = 0;
				GCC_PREPROCESSOR_DEFINITIONS = (
					"DEBUG=1",
					"$(inherited)",
				);
				GCC_WARN_64_TO_32_BIT_CONVERSION = YES;
				GCC_WARN_ABOUT_RETURN_TYPE = YES_ERROR;
				GCC_WARN_UNDECLARED_SELECTOR = YES;
				GCC_WARN_UNINITIALIZED_AUTOS = YES_AGGRESSIVE;
				GCC_WARN_UNUSED_FUNCTION = YES;
				GCC_WARN_UNUSED_VARIABLE = YES;
				IPHONEOS_DEPLOYMENT_TARGET = 12.1;
				MTL_ENABLE_DEBUG_INFO = INCLUDE_SOURCE;
				MTL_FAST_MATH = YES;
				ONLY_ACTIVE_ARCH = YES;
				SDKROOT = iphoneos;
				SWIFT_ACTIVE_COMPILATION_CONDITIONS = DEBUG;
				SWIFT_OPTIMIZATION_LEVEL = "-Onone";
			};
			name = Debug;
		};
		ECCEB04B22387654003F428B /* Release */ = {
			isa = XCBuildConfiguration;
			buildSettings = {
				ALWAYS_SEARCH_USER_PATHS = NO;
				CLANG_ANALYZER_LOCALIZABILITY_NONLOCALIZED = YES;
				CLANG_ANALYZER_NONNULL = YES;
				CLANG_ANALYZER_NUMBER_OBJECT_CONVERSION = YES_AGGRESSIVE;
				CLANG_CXX_LANGUAGE_STANDARD = "gnu++14";
				CLANG_CXX_LIBRARY = "libc++";
				CLANG_ENABLE_MODULES = YES;
				CLANG_ENABLE_OBJC_ARC = YES;
				CLANG_ENABLE_OBJC_WEAK = YES;
				CLANG_WARN_BLOCK_CAPTURE_AUTORELEASING = YES;
				CLANG_WARN_BOOL_CONVERSION = YES;
				CLANG_WARN_COMMA = YES;
				CLANG_WARN_CONSTANT_CONVERSION = YES;
				CLANG_WARN_DEPRECATED_OBJC_IMPLEMENTATIONS = YES;
				CLANG_WARN_DIRECT_OBJC_ISA_USAGE = YES_ERROR;
				CLANG_WARN_DOCUMENTATION_COMMENTS = YES;
				CLANG_WARN_EMPTY_BODY = YES;
				CLANG_WARN_ENUM_CONVERSION = YES;
				CLANG_WARN_INFINITE_RECURSION = YES;
				CLANG_WARN_INT_CONVERSION = YES;
				CLANG_WARN_NON_LITERAL_NULL_CONVERSION = YES;
				CLANG_WARN_OBJC_IMPLICIT_RETAIN_SELF = YES;
				CLANG_WARN_OBJC_LITERAL_CONVERSION = YES;
				CLANG_WARN_OBJC_ROOT_CLASS = YES_ERROR;
				CLANG_WARN_RANGE_LOOP_ANALYSIS = YES;
				CLANG_WARN_STRICT_PROTOTYPES = YES;
				CLANG_WARN_SUSPICIOUS_MOVE = YES;
				CLANG_WARN_UNGUARDED_AVAILABILITY = YES_AGGRESSIVE;
				CLANG_WARN_UNREACHABLE_CODE = YES;
				CLANG_WARN__DUPLICATE_METHOD_MATCH = YES;
				CODE_SIGN_IDENTITY = "iPhone Developer";
				COPY_PHASE_STRIP = NO;
				DEBUG_INFORMATION_FORMAT = "dwarf-with-dsym";
				ENABLE_NS_ASSERTIONS = NO;
				ENABLE_STRICT_OBJC_MSGSEND = YES;
				GCC_C_LANGUAGE_STANDARD = gnu11;
				GCC_NO_COMMON_BLOCKS = YES;
				GCC_WARN_64_TO_32_BIT_CONVERSION = YES;
				GCC_WARN_ABOUT_RETURN_TYPE = YES_ERROR;
				GCC_WARN_UNDECLARED_SELECTOR = YES;
				GCC_WARN_UNINITIALIZED_AUTOS = YES_AGGRESSIVE;
				GCC_WARN_UNUSED_FUNCTION = YES;
				GCC_WARN_UNUSED_VARIABLE = YES;
				IPHONEOS_DEPLOYMENT_TARGET = 12.1;
				MTL_ENABLE_DEBUG_INFO = NO;
				MTL_FAST_MATH = YES;
				SDKROOT = iphoneos;
				SWIFT_COMPILATION_MODE = wholemodule;
				SWIFT_OPTIMIZATION_LEVEL = "-O";
				VALIDATE_PRODUCT = YES;
			};
			name = Release;
		};
		ECCEB04D22387654003F428B /* Debug */ = {
			isa = XCBuildConfiguration;
			baseConfigurationReference = A448F691C5D7642550EC92DB /* Pods-LocalizationAutomated.debug.xcconfig */;
			buildSettings = {
				ASSETCATALOG_COMPILER_APPICON_NAME = AppIcon;
				CODE_SIGN_STYLE = Automatic;
				DEVELOPMENT_TEAM = N5CY73679U;
				INFOPLIST_FILE = LocalizationAutomated/Info.plist;
				LD_RUNPATH_SEARCH_PATHS = (
					"$(inherited)",
					"@executable_path/Frameworks",
				);
				PRODUCT_BUNDLE_IDENTIFIER = com.linkdev.ismailahmed.LocalizationAutomated;
				PRODUCT_NAME = "$(TARGET_NAME)";
				SWIFT_VERSION = 4.2;
				TARGETED_DEVICE_FAMILY = "1,2";
			};
			name = Debug;
		};
		ECCEB04E22387654003F428B /* Release */ = {
			isa = XCBuildConfiguration;
			baseConfigurationReference = 1810139FA62C70B28579FFB2 /* Pods-LocalizationAutomated.release.xcconfig */;
			buildSettings = {
				ASSETCATALOG_COMPILER_APPICON_NAME = AppIcon;
				CODE_SIGN_STYLE = Automatic;
				DEVELOPMENT_TEAM = N5CY73679U;
				INFOPLIST_FILE = LocalizationAutomated/Info.plist;
				LD_RUNPATH_SEARCH_PATHS = (
					"$(inherited)",
					"@executable_path/Frameworks",
				);
				PRODUCT_BUNDLE_IDENTIFIER = com.linkdev.ismailahmed.LocalizationAutomated;
				PRODUCT_NAME = "$(TARGET_NAME)";
				SWIFT_VERSION = 4.2;
				TARGETED_DEVICE_FAMILY = "1,2";
			};
			name = Release;
		};
/* End XCBuildConfiguration section */

/* Begin XCConfigurationList section */
		ECCEB03522387654003F428B /* Build configuration list for PBXProject "LocalizationAutomated" */ = {
			isa = XCConfigurationList;
			buildConfigurations = (
				ECCEB04A22387654003F428B /* Debug */,
				ECCEB04B22387654003F428B /* Release */,
			);
			defaultConfigurationIsVisible = 0;
			defaultConfigurationName = Release;
		};
		ECCEB04C22387654003F428B /* Build configuration list for PBXNativeTarget "LocalizationAutomated" */ = {
			isa = XCConfigurationList;
			buildConfigurations = (
				ECCEB04D22387654003F428B /* Debug */,
				ECCEB04E22387654003F428B /* Release */,
			);
			defaultConfigurationIsVisible = 0;
			defaultConfigurationName = Release;
		};
/* End XCConfigurationList section */
	};
	rootObject = ECCEB03222387654003F428B /* Project object */;
}
